
Microsoft Visual Studio Solution File, Format Version 12.00
# Visual Studio 15
VisualStudioVersion = 15.0.28307.329
MinimumVisualStudioVersion = 10.0.40219.1
Project("{FAE04EC0-301F-11D3-BF4B-00C04F79EFBC}") = "Modul1", "Modul1\Modul1.csproj", "{EBBAE485-2AD6-462F-9DA9-6A25880911D0}"
EndProject
Global
	GlobalSection(SolutionConfigurationPlatforms) = preSolution
		Debug|Any CPU = Debug|Any CPU
		Release|Any CPU = Release|Any CPU
	EndGlobalSection
	GlobalSection(ProjectConfigurationPlatforms) = postSolution
		{EBBAE485-2AD6-462F-9DA9-6A25880911D0}.Debug|Any CPU.ActiveCfg = Debug|Any CPU
		{EBBAE485-2AD6-462F-9DA9-6A25880911D0}.Debug|Any CPU.Build.0 = Debug|Any CPU
		{EBBAE485-2AD6-462F-9DA9-6A25880911D0}.Release|Any CPU.ActiveCfg = Release|Any CPU
		{EBBAE485-2AD6-462F-9DA9-6A25880911D0}.Release|Any CPU.Build.0 = Release|Any CPU
	EndGlobalSection
	GlobalSection(SolutionProperties) = preSolution
		HideSolutionNode = FALSE
	EndGlobalSection
	GlobalSection(ExtensibilityGlobals) = postSolution
		SolutionGuid = {ED3FF25B-3F25-4BC0-A220-89E2D5A5F7DA}
	EndGlobalSection
EndGlobal
